// !$*UTF8*$!
{
	archiveVersion = 1;
	classes = {
	};
	objectVersion = 56;
	objects = {

/* Begin PBXBuildFile section */
		8B09E5A528E26BC2009CF705 /* libchrome_zlib.dylib in Frameworks */ = {isa = PBXBuildFile; fileRef = 8B09E5A028E26BC2009CF705 /* libchrome_zlib.dylib */; };
		8B09E5A628E26BC2009CF705 /* libGLESv2.dylib in Frameworks */ = {isa = PBXBuildFile; fileRef = 8B09E5A128E26BC2009CF705 /* libGLESv2.dylib */; };
		8B09E5A728E26BC2009CF705 /* libabsl.dylib in Frameworks */ = {isa = PBXBuildFile; fileRef = 8B09E5A228E26BC2009CF705 /* libabsl.dylib */; };
		8B09E5A828E26BC2009CF705 /* libc++_chrome.dylib in Frameworks */ = {isa = PBXBuildFile; fileRef = 8B09E5A328E26BC2009CF705 /* libc++_chrome.dylib */; };
		8B09E5A928E26BC2009CF705 /* libEGL.dylib in Frameworks */ = {isa = PBXBuildFile; fileRef = 8B09E5A428E26BC2009CF705 /* libEGL.dylib */; };
		8B09E5AA28E26BCD009CF705 /* libabsl.dylib in CopyFiles */ = {isa = PBXBuildFile; fileRef = 8B09E5A228E26BC2009CF705 /* libabsl.dylib */; };
		8B09E5AB28E26BD0009CF705 /* libc++_chrome.dylib in CopyFiles */ = {isa = PBXBuildFile; fileRef = 8B09E5A328E26BC2009CF705 /* libc++_chrome.dylib */; };
		8B09E5AC28E26BD4009CF705 /* libchrome_zlib.dylib in CopyFiles */ = {isa = PBXBuildFile; fileRef = 8B09E5A028E26BC2009CF705 /* libchrome_zlib.dylib */; };
		8B09E5AD28E26BD8009CF705 /* libEGL.dylib in CopyFiles */ = {isa = PBXBuildFile; fileRef = 8B09E5A428E26BC2009CF705 /* libEGL.dylib */; };
		8B09E5AE28E26BDB009CF705 /* libGLESv2.dylib in CopyFiles */ = {isa = PBXBuildFile; fileRef = 8B09E5A128E26BC2009CF705 /* libGLESv2.dylib */; };
		8B2B35A628E25D260053EFAF /* libglfw.3.3.dylib in Frameworks */ = {isa = PBXBuildFile; fileRef = 8B2B35A528E25D260053EFAF /* libglfw.3.3.dylib */; };
		8B2B35B628E25DC00053EFAF /* libglfw.3.3.dylib in CopyFiles */ = {isa = PBXBuildFile; fileRef = 8B2B35A528E25D260053EFAF /* libglfw.3.3.dylib */; };
		8B5C2D0228E254AC006EC4D2 /* main.c in Sources */ = {isa = PBXBuildFile; fileRef = 8B5C2D0128E254AC006EC4D2 /* main.c */; };
/* End PBXBuildFile section */

/* Begin PBXCopyFilesBuildPhase section */
		8B5C2CFC28E254AC006EC4D2 /* CopyFiles */ = {
			isa = PBXCopyFilesBuildPhase;
			buildActionMask = 12;
			dstPath = "";
			dstSubfolderSpec = 16;
			files = (
				8B2B35B628E25DC00053EFAF /* libglfw.3.3.dylib in CopyFiles */,
				8B09E5AA28E26BCD009CF705 /* libabsl.dylib in CopyFiles */,
				8B09E5AB28E26BD0009CF705 /* libc++_chrome.dylib in CopyFiles */,
				8B09E5AC28E26BD4009CF705 /* libchrome_zlib.dylib in CopyFiles */,
				8B09E5AD28E26BD8009CF705 /* libEGL.dylib in CopyFiles */,
				8B09E5AE28E26BDB009CF705 /* libGLESv2.dylib in CopyFiles */,
			);
			runOnlyForDeploymentPostprocessing = 0;
		};
/* End PBXCopyFilesBuildPhase section */

/* Begin PBXFileReference section */
		8B09E5A028E26BC2009CF705 /* libchrome_zlib.dylib */ = {isa = PBXFileReference; lastKnownFileType = "compiled.mach-o.dylib"; name = libchrome_zlib.dylib; path = lib/libchrome_zlib.dylib; sourceTree = "<group>"; };
		8B09E5A128E26BC2009CF705 /* libGLESv2.dylib */ = {isa = PBXFileReference; lastKnownFileType = "compiled.mach-o.dylib"; name = libGLESv2.dylib; path = lib/libGLESv2.dylib; sourceTree = "<group>"; };
		8B09E5A228E26BC2009CF705 /* libabsl.dylib */ = {isa = PBXFileReference; lastKnownFileType = "compiled.mach-o.dylib"; name = libabsl.dylib; path = lib/libabsl.dylib; sourceTree = "<group>"; };
		8B09E5A328E26BC2009CF705 /* libc++_chrome.dylib */ = {isa = PBXFileReference; lastKnownFileType = "compiled.mach-o.dylib"; name = "libc++_chrome.dylib"; path = "lib/libc++_chrome.dylib"; sourceTree = "<group>"; };
		8B09E5A428E26BC2009CF705 /* libEGL.dylib */ = {isa = PBXFileReference; lastKnownFileType = "compiled.mach-o.dylib"; name = libEGL.dylib; path = lib/libEGL.dylib; sourceTree = "<group>"; };
		8B2B35A528E25D260053EFAF /* libglfw.3.3.dylib */ = {isa = PBXFileReference; lastKnownFileType = "compiled.mach-o.dylib"; name = libglfw.3.3.dylib; path = lib/libglfw.3.3.dylib; sourceTree = "<group>"; };
		8B5C2CFE28E254AC006EC4D2 /* angle_test */ = {isa = PBXFileReference; explicitFileType = "compiled.mach-o.executable"; includeInIndex = 0; path = angle_test; sourceTree = BUILT_PRODUCTS_DIR; };
		8B5C2D0128E254AC006EC4D2 /* main.c */ = {isa = PBXFileReference; lastKnownFileType = sourcecode.c.c; path = main.c; sourceTree = "<group>"; };
/* End PBXFileReference section */

/* Begin PBXFrameworksBuildPhase section */
		8B5C2CFB28E254AC006EC4D2 /* Frameworks */ = {
			isa = PBXFrameworksBuildPhase;
			buildActionMask = 2147483647;
			files = (
				8B09E5A728E26BC2009CF705 /* libabsl.dylib in Frameworks */,
				8B2B35A628E25D260053EFAF /* libglfw.3.3.dylib in Frameworks */,
				8B09E5A628E26BC2009CF705 /* libGLESv2.dylib in Frameworks */,
				8B09E5A928E26BC2009CF705 /* libEGL.dylib in Frameworks */,
				8B09E5A528E26BC2009CF705 /* libchrome_zlib.dylib in Frameworks */,
				8B09E5A828E26BC2009CF705 /* libc++_chrome.dylib in Frameworks */,
			);
			runOnlyForDeploymentPostprocessing = 0;
		};
/* End PBXFrameworksBuildPhase section */

/* Begin PBXGroup section */
		8B2B357828E258240053EFAF /* Frameworks */ = {
			isa = PBXGroup;
			children = (
			);
			name = Frameworks;
			sourceTree = "<group>";
		};
		8B5C2CF528E254AC006EC4D2 = {
			isa = PBXGroup;
			children = (
				8B5C2D0028E254AC006EC4D2 /* angle_test */,
				8B5C2CFF28E254AC006EC4D2 /* Products */,
				8B2B357828E258240053EFAF /* Frameworks */,
			);
			sourceTree = "<group>";
		};
		8B5C2CFF28E254AC006EC4D2 /* Products */ = {
			isa = PBXGroup;
			children = (
				8B5C2CFE28E254AC006EC4D2 /* angle_test */,
			);
			name = Products;
			sourceTree = "<group>";
		};
		8B5C2D0028E254AC006EC4D2 /* angle_test */ = {
			isa = PBXGroup;
			children = (
				8B5C2D0128E254AC006EC4D2 /* main.c */,
				8B2B35A528E25D260053EFAF /* libglfw.3.3.dylib */,
				8B09E5A228E26BC2009CF705 /* libabsl.dylib */,
				8B09E5A328E26BC2009CF705 /* libc++_chrome.dylib */,
				8B09E5A028E26BC2009CF705 /* libchrome_zlib.dylib */,
				8B09E5A428E26BC2009CF705 /* libEGL.dylib */,
				8B09E5A128E26BC2009CF705 /* libGLESv2.dylib */,
			);
			path = angle_test;
			sourceTree = "<group>";
		};
/* End PBXGroup section */

/* Begin PBXNativeTarget section */
		8B5C2CFD28E254AC006EC4D2 /* angle_test */ = {
			isa = PBXNativeTarget;
			buildConfigurationList = 8B5C2D0528E254AC006EC4D2 /* Build configuration list for PBXNativeTarget "angle_test" */;
			buildPhases = (
				8B5C2CFC28E254AC006EC4D2 /* CopyFiles */,
				8B5C2CFA28E254AC006EC4D2 /* Sources */,
				8B5C2CFB28E254AC006EC4D2 /* Frameworks */,
			);
			buildRules = (
			);
			dependencies = (
			);
			name = angle_test;
			productName = angle_test;
			productReference = 8B5C2CFE28E254AC006EC4D2 /* angle_test */;
			productType = "com.apple.product-type.tool";
		};
/* End PBXNativeTarget section */

/* Begin PBXProject section */
		8B5C2CF628E254AC006EC4D2 /* Project object */ = {
			isa = PBXProject;
			attributes = {
				BuildIndependentTargetsInParallel = 1;
				LastUpgradeCheck = 1400;
				TargetAttributes = {
					8B5C2CFD28E254AC006EC4D2 = {
						CreatedOnToolsVersion = 14.0;
					};
				};
			};
			buildConfigurationList = 8B5C2CF928E254AC006EC4D2 /* Build configuration list for PBXProject "angle_test" */;
			compatibilityVersion = "Xcode 14.0";
			developmentRegion = en;
			hasScannedForEncodings = 0;
			knownRegions = (
				en,
				Base,
			);
			mainGroup = 8B5C2CF528E254AC006EC4D2;
			productRefGroup = 8B5C2CFF28E254AC006EC4D2 /* Products */;
			projectDirPath = "";
			projectRoot = "";
			targets = (
				8B5C2CFD28E254AC006EC4D2 /* angle_test */,
			);
		};
/* End PBXProject section */

/* Begin PBXSourcesBuildPhase section */
		8B5C2CFA28E254AC006EC4D2 /* Sources */ = {
			isa = PBXSourcesBuildPhase;
			buildActionMask = 2147483647;
			files = (
				8B5C2D0228E254AC006EC4D2 /* main.c in Sources */,
			);
			runOnlyForDeploymentPostprocessing = 0;
		};
/* End PBXSourcesBuildPhase section */

/* Begin XCBuildConfiguration section */
		8B5C2D0328E254AC006EC4D2 /* Debug */ = {
			isa = XCBuildConfiguration;
			buildSettings = {
				ALWAYS_SEARCH_USER_PATHS = NO;
				CLANG_ANALYZER_NONNULL = YES;
				CLANG_ANALYZER_NUMBER_OBJECT_CONVERSION = YES_AGGRESSIVE;
				CLANG_CXX_LANGUAGE_STANDARD = "gnu++20";
				CLANG_ENABLE_MODULES = YES;
				CLANG_ENABLE_OBJC_ARC = YES;
				CLANG_ENABLE_OBJC_WEAK = YES;
				CLANG_WARN_BLOCK_CAPTURE_AUTORELEASING = YES;
				CLANG_WARN_BOOL_CONVERSION = YES;
				CLANG_WARN_COMMA = YES;
				CLANG_WARN_CONSTANT_CONVERSION = YES;
				CLANG_WARN_DEPRECATED_OBJC_IMPLEMENTATIONS = YES;
				CLANG_WARN_DIRECT_OBJC_ISA_USAGE = YES_ERROR;
				CLANG_WARN_DOCUMENTATION_COMMENTS = YES;
				CLANG_WARN_EMPTY_BODY = YES;
				CLANG_WARN_ENUM_CONVERSION = YES;
				CLANG_WARN_INFINITE_RECURSION = YES;
				CLANG_WARN_INT_CONVERSION = YES;
				CLANG_WARN_NON_LITERAL_NULL_CONVERSION = YES;
				CLANG_WARN_OBJC_IMPLICIT_RETAIN_SELF = YES;
				CLANG_WARN_OBJC_LITERAL_CONVERSION = YES;
				CLANG_WARN_OBJC_ROOT_CLASS = YES_ERROR;
				CLANG_WARN_QUOTED_INCLUDE_IN_FRAMEWORK_HEADER = YES;
				CLANG_WARN_RANGE_LOOP_ANALYSIS = YES;
				CLANG_WARN_STRICT_PROTOTYPES = YES;
				CLANG_WARN_SUSPICIOUS_MOVE = YES;
				CLANG_WARN_UNGUARDED_AVAILABILITY = YES_AGGRESSIVE;
				CLANG_WARN_UNREACHABLE_CODE = YES;
				CLANG_WARN__DUPLICATE_METHOD_MATCH = YES;
				COPY_PHASE_STRIP = NO;
				DEBUG_INFORMATION_FORMAT = dwarf;
				ENABLE_STRICT_OBJC_MSGSEND = YES;
				ENABLE_TESTABILITY = YES;
				GCC_C_LANGUAGE_STANDARD = gnu11;
				GCC_DYNAMIC_NO_PIC = NO;
				GCC_NO_COMMON_BLOCKS = YES;
				GCC_OPTIMIZATION_LEVEL = 0;
				GCC_PREPROCESSOR_DEFINITIONS = (
					"DEBUG=1",
					"$(inherited)",
				);
				GCC_WARN_64_TO_32_BIT_CONVERSION = YES;
				GCC_WARN_ABOUT_RETURN_TYPE = YES_ERROR;
				GCC_WARN_UNDECLARED_SELECTOR = YES;
				GCC_WARN_UNINITIALIZED_AUTOS = YES_AGGRESSIVE;
				GCC_WARN_UNUSED_FUNCTION = YES;
				GCC_WARN_UNUSED_VARIABLE = YES;
				HEADER_SEARCH_PATHS = angle_test/include;
				LD_RUNPATH_SEARCH_PATHS = "@executable_path";
				LIBRARY_SEARCH_PATHS = angle_test/lib;
				MACOSX_DEPLOYMENT_TARGET = 12.3;
				MTL_ENABLE_DEBUG_INFO = INCLUDE_SOURCE;
				MTL_FAST_MATH = YES;
				ONLY_ACTIVE_ARCH = YES;
				SDKROOT = macosx;
			};
			name = Debug;
		};
		8B5C2D0428E254AC006EC4D2 /* Release */ = {
			isa = XCBuildConfiguration;
			buildSettings = {
				ALWAYS_SEARCH_USER_PATHS = NO;
				CLANG_ANALYZER_NONNULL = YES;
				CLANG_ANALYZER_NUMBER_OBJECT_CONVERSION = YES_AGGRESSIVE;
				CLANG_CXX_LANGUAGE_STANDARD = "gnu++20";
				CLANG_ENABLE_MODULES = YES;
				CLANG_ENABLE_OBJC_ARC = YES;
				CLANG_ENABLE_OBJC_WEAK = YES;
				CLANG_WARN_BLOCK_CAPTURE_AUTORELEASING = YES;
				CLANG_WARN_BOOL_CONVERSION = YES;
				CLANG_WARN_COMMA = YES;
				CLANG_WARN_CONSTANT_CONVERSION = YES;
				CLANG_WARN_DEPRECATED_OBJC_IMPLEMENTATIONS = YES;
				CLANG_WARN_DIRECT_OBJC_ISA_USAGE = YES_ERROR;
				CLANG_WARN_DOCUMENTATION_COMMENTS = YES;
				CLANG_WARN_EMPTY_BODY = YES;
				CLANG_WARN_ENUM_CONVERSION = YES;
				CLANG_WARN_INFINITE_RECURSION = YES;
				CLANG_WARN_INT_CONVERSION = YES;
				CLANG_WARN_NON_LITERAL_NULL_CONVERSION = YES;
				CLANG_WARN_OBJC_IMPLICIT_RETAIN_SELF = YES;
				CLANG_WARN_OBJC_LITERAL_CONVERSION = YES;
				CLANG_WARN_OBJC_ROOT_CLASS = YES_ERROR;
				CLANG_WARN_QUOTED_INCLUDE_IN_FRAMEWORK_HEADER = YES;
				CLANG_WARN_RANGE_LOOP_ANALYSIS = YES;
				CLANG_WARN_STRICT_PROTOTYPES = YES;
				CLANG_WARN_SUSPICIOUS_MOVE = YES;
				CLANG_WARN_UNGUARDED_AVAILABILITY = YES_AGGRESSIVE;
				CLANG_WARN_UNREACHABLE_CODE = YES;
				CLANG_WARN__DUPLICATE_METHOD_MATCH = YES;
				COPY_PHASE_STRIP = NO;
				DEBUG_INFORMATION_FORMAT = "dwarf-with-dsym";
				ENABLE_NS_ASSERTIONS = NO;
				ENABLE_STRICT_OBJC_MSGSEND = YES;
				GCC_C_LANGUAGE_STANDARD = gnu11;
				GCC_NO_COMMON_BLOCKS = YES;
				GCC_WARN_64_TO_32_BIT_CONVERSION = YES;
				GCC_WARN_ABOUT_RETURN_TYPE = YES_ERROR;
				GCC_WARN_UNDECLARED_SELECTOR = YES;
				GCC_WARN_UNINITIALIZED_AUTOS = YES_AGGRESSIVE;
				GCC_WARN_UNUSED_FUNCTION = YES;
				GCC_WARN_UNUSED_VARIABLE = YES;
				HEADER_SEARCH_PATHS = angle_test/include;
				LD_RUNPATH_SEARCH_PATHS = "@executable_path";
				LIBRARY_SEARCH_PATHS = angle_test/lib;
				MACOSX_DEPLOYMENT_TARGET = 12.3;
				MTL_ENABLE_DEBUG_INFO = NO;
				MTL_FAST_MATH = YES;
				SDKROOT = macosx;
			};
			name = Release;
		};
		8B5C2D0628E254AC006EC4D2 /* Debug */ = {
			isa = XCBuildConfiguration;
			buildSettings = {
				CODE_SIGN_STYLE = Automatic;
				LIBRARY_SEARCH_PATHS = (
					"$(inherited)",
					"$(PROJECT_DIR)/angle_test/lib",
					"$(PROJECT_DIR)/angle_test",
				);
				PRODUCT_NAME = "$(TARGET_NAME)";
			};
			name = Debug;
		};
		8B5C2D0728E254AC006EC4D2 /* Release */ = {
			isa = XCBuildConfiguration;
			buildSettings = {
				CODE_SIGN_STYLE = Automatic;
				LIBRARY_SEARCH_PATHS = (
					"$(inherited)",
					"$(PROJECT_DIR)/angle_test/lib",
					"$(PROJECT_DIR)/angle_test",
				);
				PRODUCT_NAME = "$(TARGET_NAME)";
			};
			name = Release;
		};
/* End XCBuildConfiguration section */

/* Begin XCConfigurationList section */
		8B5C2CF928E254AC006EC4D2 /* Build configuration list for PBXProject "angle_test" */ = {
			isa = XCConfigurationList;
			buildConfigurations = (
				8B5C2D0328E254AC006EC4D2 /* Debug */,
				8B5C2D0428E254AC006EC4D2 /* Release */,
			);
			defaultConfigurationIsVisible = 0;
			defaultConfigurationName = Release;
		};
		8B5C2D0528E254AC006EC4D2 /* Build configuration list for PBXNativeTarget "angle_test" */ = {
			isa = XCConfigurationList;
			buildConfigurations = (
				8B5C2D0628E254AC006EC4D2 /* Debug */,
				8B5C2D0728E254AC006EC4D2 /* Release */,
			);
			defaultConfigurationIsVisible = 0;
			defaultConfigurationName = Release;
		};
/* End XCConfigurationList section */
	};
	rootObject = 8B5C2CF628E254AC006EC4D2 /* Project object */;
}
